
Microsoft Visual Studio Solution File, Format Version 12.00
# Visual Studio Version 17
VisualStudioVersion = 17.12.35514.174
MinimumVisualStudioVersion = 10.0.40219.1
Project("{8BC9CEB8-8B4A-11D0-8D11-00A0C91BC942}") = "Problem1", "Problem1\Problem1.vcxproj", "{39BC69B1-E573-4278-B044-4CA51CEC0B94}"
EndProject
Project("{8BC9CEB8-8B4A-11D0-8D11-00A0C91BC942}") = "PerfectSolution", "PerfectSolution\PerfectSolution.vcxproj", "{1177BA80-8273-4D6B-B8E0-7DE0D5379688}"
EndProject
Project("{8BC9CEB8-8B4A-11D0-8D11-00A0C91BC942}") = "Problem4", "Problem4\Problem4.vcxproj", "{F09F3FB2-4446-4A13-B58B-FF05A41F550C}"
EndProject
Project("{8BC9CEB8-8B4A-11D0-8D11-00A0C91BC942}") = "Problem5", "Problem5\Problem5.vcxproj", "{8BE89139-437F-4D03-A35D-E8DECDA340F6}"
EndProject
Project("{8BC9CEB8-8B4A-11D0-8D11-00A0C91BC942}") = "Probelm5Solution", "Probelm5Solution\Probelm5Solution.vcxproj", "{85CA5518-43EB-4734-8D14-C7D54896CFC7}"
EndProject
Global
	GlobalSection(SolutionConfigurationPlatforms) = preSolution
		Debug|x64 = Debug|x64
		Debug|x86 = Debug|x86
		Release|x64 = Release|x64
		Release|x86 = Release|x86
	EndGlobalSection
	GlobalSection(ProjectConfigurationPlatforms) = postSolution
		{39BC69B1-E573-4278-B044-4CA51CEC0B94}.Debug|x64.ActiveCfg = Debug|x64
		{39BC69B1-E573-4278-B044-4CA51CEC0B94}.Debug|x64.Build.0 = Debug|x64
		{39BC69B1-E573-4278-B044-4CA51CEC0B94}.Debug|x86.ActiveCfg = Debug|Win32
		{39BC69B1-E573-4278-B044-4CA51CEC0B94}.Debug|x86.Build.0 = Debug|Win32
		{39BC69B1-E573-4278-B044-4CA51CEC0B94}.Release|x64.ActiveCfg = Release|x64
		{39BC69B1-E573-4278-B044-4CA51CEC0B94}.Release|x64.Build.0 = Release|x64
		{39BC69B1-E573-4278-B044-4CA51CEC0B94}.Release|x86.ActiveCfg = Release|Win32
		{39BC69B1-E573-4278-B044-4CA51CEC0B94}.Release|x86.Build.0 = Release|Win32
		{1177BA80-8273-4D6B-B8E0-7DE0D5379688}.Debug|x64.ActiveCfg = Debug|x64
		{1177BA80-8273-4D6B-B8E0-7DE0D5379688}.Debug|x64.Build.0 = Debug|x64
		{1177BA80-8273-4D6B-B8E0-7DE0D5379688}.Debug|x86.ActiveCfg = Debug|Win32
		{1177BA80-8273-4D6B-B8E0-7DE0D5379688}.Debug|x86.Build.0 = Debug|Win32
		{1177BA80-8273-4D6B-B8E0-7DE0D5379688}.Release|x64.ActiveCfg = Release|x64
		{1177BA80-8273-4D6B-B8E0-7DE0D5379688}.Release|x64.Build.0 = Release|x64
		{1177BA80-8273-4D6B-B8E0-7DE0D5379688}.Release|x86.ActiveCfg = Release|Win32
		{1177BA80-8273-4D6B-B8E0-7DE0D5379688}.Release|x86.Build.0 = Release|Win32
		{F09F3FB2-4446-4A13-B58B-FF05A41F550C}.Debug|x64.ActiveCfg = Debug|x64
		{F09F3FB2-4446-4A13-B58B-FF05A41F550C}.Debug|x64.Build.0 = Debug|x64
		{F09F3FB2-4446-4A13-B58B-FF05A41F550C}.Debug|x86.ActiveCfg = Debug|Win32
		{F09F3FB2-4446-4A13-B58B-FF05A41F550C}.Debug|x86.Build.0 = Debug|Win32
		{F09F3FB2-4446-4A13-B58B-FF05A41F550C}.Release|x64.ActiveCfg = Release|x64
		{F09F3FB2-4446-4A13-B58B-FF05A41F550C}.Release|x64.Build.0 = Release|x64
		{F09F3FB2-4446-4A13-B58B-FF05A41F550C}.Release|x86.ActiveCfg = Release|Win32
		{F09F3FB2-4446-4A13-B58B-FF05A41F550C}.Release|x86.Build.0 = Release|Win32
		{8BE89139-437F-4D03-A35D-E8DECDA340F6}.Debug|x64.ActiveCfg = Debug|x64
		{8BE89139-437F-4D03-A35D-E8DECDA340F6}.Debug|x64.Build.0 = Debug|x64
		{8BE89139-437F-4D03-A35D-E8DECDA340F6}.Debug|x86.ActiveCfg = Debug|Win32
		{8BE89139-437F-4D03-A35D-E8DECDA340F6}.Debug|x86.Build.0 = Debug|Win32
		{8BE89139-437F-4D03-A35D-E8DECDA340F6}.Release|x64.ActiveCfg = Release|x64
		{8BE89139-437F-4D03-A35D-E8DECDA340F6}.Release|x64.Build.0 = Release|x64
		{8BE89139-437F-4D03-A35D-E8DECDA340F6}.Release|x86.ActiveCfg = Release|Win32
		{8BE89139-437F-4D03-A35D-E8DECDA340F6}.Release|x86.Build.0 = Release|Win32
		{85CA5518-43EB-4734-8D14-C7D54896CFC7}.Debug|x64.ActiveCfg = Debug|x64
		{85CA5518-43EB-4734-8D14-C7D54896CFC7}.Debug|x64.Build.0 = Debug|x64
		{85CA5518-43EB-4734-8D14-C7D54896CFC7}.Debug|x86.ActiveCfg = Debug|Win32
		{85CA5518-43EB-4734-8D14-C7D54896CFC7}.Debug|x86.Build.0 = Debug|Win32
		{85CA5518-43EB-4734-8D14-C7D54896CFC7}.Release|x64.ActiveCfg = Release|x64
		{85CA5518-43EB-4734-8D14-C7D54896CFC7}.Release|x64.Build.0 = Release|x64
		{85CA5518-43EB-4734-8D14-C7D54896CFC7}.Release|x86.ActiveCfg = Release|Win32
		{85CA5518-43EB-4734-8D14-C7D54896CFC7}.Release|x86.Build.0 = Release|Win32
	EndGlobalSection
	GlobalSection(SolutionProperties) = preSolution
		HideSolutionNode = FALSE
	EndGlobalSection
EndGlobal
