
Microsoft Visual Studio Solution File, Format Version 12.00
# Visual Studio Version 17
VisualStudioVersion = 17.12.35514.174
MinimumVisualStudioVersion = 10.0.40219.1
Project("{8BC9CEB8-8B4A-11D0-8D11-00A0C91BC942}") = "Problem1", "Problem1\Problem1.vcxproj", "{39BC69B1-E573-4278-B044-4CA51CEC0B94}"
EndProject
Project("{8BC9CEB8-8B4A-11D0-8D11-00A0C91BC942}") = "PerfectSolution", "PerfectSolution\PerfectSolution.vcxproj", "{1177BA80-8273-4D6B-B8E0-7DE0D5379688}"
EndProject
Project("{8BC9CEB8-8B4A-11D0-8D11-00A0C91BC942}") = "Problem4", "Problem4\Problem4.vcxproj", "{F09F3FB2-4446-4A13-B58B-FF05A41F550C}"
EndProject
Project("{8BC9CEB8-8B4A-11D0-8D11-00A0C91BC942}") = "Problem5", "Problem5\Problem5.vcxproj", "{8BE89139-437F-4D03-A35D-E8DECDA340F6}"
EndProject
Project("{8BC9CEB8-8B4A-11D0-8D11-00A0C91BC942}") = "Probelm5Solution", "Probelm5Solution\Probelm5Solution.vcxproj", "{85CA5518-43EB-4734-8D14-C7D54896CFC7}"
EndProject
Project("{8BC9CEB8-8B4A-11D0-8D11-00A0C91BC942}") = "Problem6", "Problem6\Problem6.vcxproj", "{9F7A6B9E-DD1A-4302-AE95-A2B98EBB29FA}"
EndProject
Project("{8BC9CEB8-8B4A-11D0-8D11-00A0C91BC942}") = "Problem 7", "Problem 7\Problem 7.vcxproj", "{A329E8C5-D637-4787-A214-FDE64A1BEBBA}"
EndProject
Project("{8BC9CEB8-8B4A-11D0-8D11-00A0C91BC942}") = "Problem 8", "Problem 8\Problem 8.vcxproj", "{4E553489-EB1A-4B59-B977-B8C0944AC6BD}"
EndProject
Project("{8BC9CEB8-8B4A-11D0-8D11-00A0C91BC942}") = "Problem 9", "Problem 9\Problem 9.vcxproj", "{865E921A-D126-4B4A-ADD2-6813A962C455}"
EndProject
Project("{8BC9CEB8-8B4A-11D0-8D11-00A0C91BC942}") = "Problem 10", "Problem 10\Problem 10.vcxproj", "{ADB1EE90-3595-4DC5-BC40-F5663B98318F}"
EndProject
Project("{8BC9CEB8-8B4A-11D0-8D11-00A0C91BC942}") = "Problem 11", "Problem 11\Problem 11.vcxproj", "{CDBC2738-FD70-47F9-9DF2-C940AB34B109}"
EndProject
Project("{8BC9CEB8-8B4A-11D0-8D11-00A0C91BC942}") = "Problem 12", "Problem 12\Problem 12.vcxproj", "{99FB4635-BD78-42CA-BE62-FAE5FEB1869D}"
EndProject
Project("{8BC9CEB8-8B4A-11D0-8D11-00A0C91BC942}") = "Problem 13", "Problem 13\Problem 13.vcxproj", "{4D81B933-1DEA-42DD-A0A1-CA7869666D0F}"
EndProject
Project("{8BC9CEB8-8B4A-11D0-8D11-00A0C91BC942}") = "Problem 14", "Problem 14\Problem 14.vcxproj", "{1BA80C48-C272-4E92-AD28-319F1A4594AA}"
EndProject
Project("{8BC9CEB8-8B4A-11D0-8D11-00A0C91BC942}") = "Problem 15", "Problem 15\Problem 15.vcxproj", "{CFAF64FA-875C-465E-93F8-4E841E5DEE9F}"
EndProject
Project("{8BC9CEB8-8B4A-11D0-8D11-00A0C91BC942}") = "Problem 16", "Problem 16\Problem 16.vcxproj", "{EA0A8334-B2C2-4BAD-98BE-8CA2A1A212B2}"
EndProject
Project("{8BC9CEB8-8B4A-11D0-8D11-00A0C91BC942}") = "Problem 17", "Problem 17\Problem 17.vcxproj", "{37F069FC-C519-43B8-83DE-06F73C4080B3}"
EndProject
Project("{8BC9CEB8-8B4A-11D0-8D11-00A0C91BC942}") = "Problem 18", "Problem 18\Problem 18.vcxproj", "{FFB7CE19-925D-4B01-A3B4-C07E9409680C}"
EndProject
Project("{8BC9CEB8-8B4A-11D0-8D11-00A0C91BC942}") = "Problem 19", "Problem 19\Problem 19.vcxproj", "{9E807511-678F-4D56-94B3-9F4BAE59CA95}"
EndProject
Project("{8BC9CEB8-8B4A-11D0-8D11-00A0C91BC942}") = "Problem 20", "Problem 20\Problem 20.vcxproj", "{ECF2C4C0-02EE-4EEB-9FE1-04CDE1D63882}"
EndProject
Project("{8BC9CEB8-8B4A-11D0-8D11-00A0C91BC942}") = "Problem 21", "Problem 21\Problem 21.vcxproj", "{6723BF87-8AFF-4159-8456-552F1D520285}"
EndProject
Project("{8BC9CEB8-8B4A-11D0-8D11-00A0C91BC942}") = "Problem 22", "Problem 22\Problem 22.vcxproj", "{3FEFBFE6-5F84-49FA-9EBD-94B8BA505B8D}"
EndProject
Project("{8BC9CEB8-8B4A-11D0-8D11-00A0C91BC942}") = "Problem 23", "Problem 23\Problem 23.vcxproj", "{0D32E496-109A-4B26-99A1-D7D7BF9C4CDF}"
EndProject
Project("{8BC9CEB8-8B4A-11D0-8D11-00A0C91BC942}") = "Problem 24", "Problem 24\Problem 24.vcxproj", "{BF07424B-E7D5-4E39-B06D-ECD83E8E6F2C}"
EndProject
Project("{8BC9CEB8-8B4A-11D0-8D11-00A0C91BC942}") = "Problem 25", "Problem 25\Problem 25.vcxproj", "{E6C546AE-7F7E-404D-B457-3DE7E7D81025}"
EndProject
Project("{8BC9CEB8-8B4A-11D0-8D11-00A0C91BC942}") = "Problem 26", "Problem 26\Problem 26.vcxproj", "{0BA457D4-2E3C-40ED-93F8-5700E291A90B}"
EndProject
Project("{8BC9CEB8-8B4A-11D0-8D11-00A0C91BC942}") = "Problem 27", "Problem 27\Problem 27.vcxproj", "{D1DDCE8A-47B8-4D84-9DD7-89827796D28D}"
EndProject
Project("{8BC9CEB8-8B4A-11D0-8D11-00A0C91BC942}") = "Problem 28", "Problem 28\Problem 28.vcxproj", "{9F56C16B-B81C-4602-84B8-1F783583BC58}"
EndProject
Project("{8BC9CEB8-8B4A-11D0-8D11-00A0C91BC942}") = "Problem 29", "Problem 29\Problem 29.vcxproj", "{7B41BE21-5239-43BB-8814-B285F432B558}"
EndProject
Project("{8BC9CEB8-8B4A-11D0-8D11-00A0C91BC942}") = "Problem 30", "Problem 30\Problem 30.vcxproj", "{CF26DBBA-8863-460F-929A-F835B3E4A66B}"
EndProject
Project("{8BC9CEB8-8B4A-11D0-8D11-00A0C91BC942}") = "Problem 31", "Problem 31\Problem 31.vcxproj", "{B45CD357-8B42-4588-B0B9-423B5B8A5C37}"
EndProject
Project("{8BC9CEB8-8B4A-11D0-8D11-00A0C91BC942}") = "Problem 32", "Problem 32\Problem 32.vcxproj", "{E8CA38B6-40F3-45F7-9EEA-C8B81DC8C858}"
EndProject
Project("{8BC9CEB8-8B4A-11D0-8D11-00A0C91BC942}") = "Problem 33", "Problem 33\Problem 33.vcxproj", "{3C505CCE-11E0-4D5A-AE41-BB9429BCCE1C}"
EndProject
Project("{8BC9CEB8-8B4A-11D0-8D11-00A0C91BC942}") = "Problem 34", "Problem 34\Problem 34.vcxproj", "{351C882E-1F6E-452C-A39C-C5988BAFC139}"
EndProject
Project("{8BC9CEB8-8B4A-11D0-8D11-00A0C91BC942}") = "Problem 35", "Problem 35\Problem 35.vcxproj", "{6FBC6E44-00D5-4117-BFE4-05E688B700B3}"
EndProject
Project("{8BC9CEB8-8B4A-11D0-8D11-00A0C91BC942}") = "Problem 36", "Problem 36\Problem 36.vcxproj", "{45B9C35B-14E7-4AEF-A6A9-8BC424FDEC6B}"
EndProject
Project("{8BC9CEB8-8B4A-11D0-8D11-00A0C91BC942}") = "Problem 37", "Problem 37\Problem 37.vcxproj", "{B65D0C84-BFA5-47E3-8AE8-80D47FCE81B6}"
EndProject
Project("{8BC9CEB8-8B4A-11D0-8D11-00A0C91BC942}") = "Problem 38", "Problem 38\Problem 38.vcxproj", "{31F5E756-787B-4E87-B765-1C1EF04FCC70}"
EndProject
Project("{8BC9CEB8-8B4A-11D0-8D11-00A0C91BC942}") = "Problem 39", "Problem 39\Problem 39.vcxproj", "{27DC4209-0949-4AE9-85DC-160D93A4F6F6}"
EndProject
Project("{8BC9CEB8-8B4A-11D0-8D11-00A0C91BC942}") = "Problem 40", "Problem 40\Problem 40.vcxproj", "{C4834FCC-3C8D-4BC3-A954-CA9CFDC04488}"
EndProject
Project("{8BC9CEB8-8B4A-11D0-8D11-00A0C91BC942}") = "Problem 41", "Problem 41\Problem 41.vcxproj", "{91FD6EA9-9D82-427C-85F8-99ED8DC58CE1}"
EndProject
Project("{8BC9CEB8-8B4A-11D0-8D11-00A0C91BC942}") = "Problem 42", "Problem 42\Problem 42.vcxproj", "{5420EF3D-F48B-4922-A6DB-EA764CACA5BA}"
EndProject
Project("{8BC9CEB8-8B4A-11D0-8D11-00A0C91BC942}") = "Problem 43", "Problem 43\Problem 43.vcxproj", "{85557DA3-F0F7-44A4-A13B-BF37470EF88C}"
EndProject
Project("{8BC9CEB8-8B4A-11D0-8D11-00A0C91BC942}") = "Problem 44", "Problem 44\Problem 44.vcxproj", "{7100694E-2707-4C93-A990-C4A2B46590C1}"
EndProject
Project("{8BC9CEB8-8B4A-11D0-8D11-00A0C91BC942}") = "Problem 45", "Problem 46\Problem 46.vcxproj", "{C2F3987F-812E-4336-813E-CCB22141500B}"
EndProject
Project("{8BC9CEB8-8B4A-11D0-8D11-00A0C91BC942}") = "Problem 46.1", "Problem 46.1\Problem 46.1.vcxproj", "{CED3EA33-6643-42B4-B387-D9B9C36E3153}"
EndProject
Project("{8BC9CEB8-8B4A-11D0-8D11-00A0C91BC942}") = "Problem47", "Problem47\Problem47.vcxproj", "{E82BF95F-A565-4EB0-B11E-FBBA598CDE18}"
EndProject
Project("{8BC9CEB8-8B4A-11D0-8D11-00A0C91BC942}") = "Problem 48", "Problem 48\Problem 48.vcxproj", "{F3E7C7FC-98AD-4EE6-9F68-D062EC987483}"
EndProject
Project("{8BC9CEB8-8B4A-11D0-8D11-00A0C91BC942}") = "Problem 49", "Problem 49\Problem 49.vcxproj", "{FCB5596D-FDDF-4121-B75A-6564A2093885}"
EndProject
Project("{8BC9CEB8-8B4A-11D0-8D11-00A0C91BC942}") = "Problem 50", "Problem 50\Problem 50.vcxproj", "{F2392B1A-D798-40A8-820F-8DE3D09C993F}"
EndProject
Global
	GlobalSection(SolutionConfigurationPlatforms) = preSolution
		Debug|x64 = Debug|x64
		Debug|x86 = Debug|x86
		Release|x64 = Release|x64
		Release|x86 = Release|x86
	EndGlobalSection
	GlobalSection(ProjectConfigurationPlatforms) = postSolution
		{39BC69B1-E573-4278-B044-4CA51CEC0B94}.Debug|x64.ActiveCfg = Debug|x64
		{39BC69B1-E573-4278-B044-4CA51CEC0B94}.Debug|x64.Build.0 = Debug|x64
		{39BC69B1-E573-4278-B044-4CA51CEC0B94}.Debug|x86.ActiveCfg = Debug|Win32
		{39BC69B1-E573-4278-B044-4CA51CEC0B94}.Debug|x86.Build.0 = Debug|Win32
		{39BC69B1-E573-4278-B044-4CA51CEC0B94}.Release|x64.ActiveCfg = Release|x64
		{39BC69B1-E573-4278-B044-4CA51CEC0B94}.Release|x64.Build.0 = Release|x64
		{39BC69B1-E573-4278-B044-4CA51CEC0B94}.Release|x86.ActiveCfg = Release|Win32
		{39BC69B1-E573-4278-B044-4CA51CEC0B94}.Release|x86.Build.0 = Release|Win32
		{1177BA80-8273-4D6B-B8E0-7DE0D5379688}.Debug|x64.ActiveCfg = Debug|x64
		{1177BA80-8273-4D6B-B8E0-7DE0D5379688}.Debug|x64.Build.0 = Debug|x64
		{1177BA80-8273-4D6B-B8E0-7DE0D5379688}.Debug|x86.ActiveCfg = Debug|Win32
		{1177BA80-8273-4D6B-B8E0-7DE0D5379688}.Debug|x86.Build.0 = Debug|Win32
		{1177BA80-8273-4D6B-B8E0-7DE0D5379688}.Release|x64.ActiveCfg = Release|x64
		{1177BA80-8273-4D6B-B8E0-7DE0D5379688}.Release|x64.Build.0 = Release|x64
		{1177BA80-8273-4D6B-B8E0-7DE0D5379688}.Release|x86.ActiveCfg = Release|Win32
		{1177BA80-8273-4D6B-B8E0-7DE0D5379688}.Release|x86.Build.0 = Release|Win32
		{F09F3FB2-4446-4A13-B58B-FF05A41F550C}.Debug|x64.ActiveCfg = Debug|x64
		{F09F3FB2-4446-4A13-B58B-FF05A41F550C}.Debug|x64.Build.0 = Debug|x64
		{F09F3FB2-4446-4A13-B58B-FF05A41F550C}.Debug|x86.ActiveCfg = Debug|Win32
		{F09F3FB2-4446-4A13-B58B-FF05A41F550C}.Debug|x86.Build.0 = Debug|Win32
		{F09F3FB2-4446-4A13-B58B-FF05A41F550C}.Release|x64.ActiveCfg = Release|x64
		{F09F3FB2-4446-4A13-B58B-FF05A41F550C}.Release|x64.Build.0 = Release|x64
		{F09F3FB2-4446-4A13-B58B-FF05A41F550C}.Release|x86.ActiveCfg = Release|Win32
		{F09F3FB2-4446-4A13-B58B-FF05A41F550C}.Release|x86.Build.0 = Release|Win32
		{8BE89139-437F-4D03-A35D-E8DECDA340F6}.Debug|x64.ActiveCfg = Debug|x64
		{8BE89139-437F-4D03-A35D-E8DECDA340F6}.Debug|x64.Build.0 = Debug|x64
		{8BE89139-437F-4D03-A35D-E8DECDA340F6}.Debug|x86.ActiveCfg = Debug|Win32
		{8BE89139-437F-4D03-A35D-E8DECDA340F6}.Debug|x86.Build.0 = Debug|Win32
		{8BE89139-437F-4D03-A35D-E8DECDA340F6}.Release|x64.ActiveCfg = Release|x64
		{8BE89139-437F-4D03-A35D-E8DECDA340F6}.Release|x64.Build.0 = Release|x64
		{8BE89139-437F-4D03-A35D-E8DECDA340F6}.Release|x86.ActiveCfg = Release|Win32
		{8BE89139-437F-4D03-A35D-E8DECDA340F6}.Release|x86.Build.0 = Release|Win32
		{85CA5518-43EB-4734-8D14-C7D54896CFC7}.Debug|x64.ActiveCfg = Debug|x64
		{85CA5518-43EB-4734-8D14-C7D54896CFC7}.Debug|x64.Build.0 = Debug|x64
		{85CA5518-43EB-4734-8D14-C7D54896CFC7}.Debug|x86.ActiveCfg = Debug|Win32
		{85CA5518-43EB-4734-8D14-C7D54896CFC7}.Debug|x86.Build.0 = Debug|Win32
		{85CA5518-43EB-4734-8D14-C7D54896CFC7}.Release|x64.ActiveCfg = Release|x64
		{85CA5518-43EB-4734-8D14-C7D54896CFC7}.Release|x64.Build.0 = Release|x64
		{85CA5518-43EB-4734-8D14-C7D54896CFC7}.Release|x86.ActiveCfg = Release|Win32
		{85CA5518-43EB-4734-8D14-C7D54896CFC7}.Release|x86.Build.0 = Release|Win32
		{9F7A6B9E-DD1A-4302-AE95-A2B98EBB29FA}.Debug|x64.ActiveCfg = Debug|x64
		{9F7A6B9E-DD1A-4302-AE95-A2B98EBB29FA}.Debug|x64.Build.0 = Debug|x64
		{9F7A6B9E-DD1A-4302-AE95-A2B98EBB29FA}.Debug|x86.ActiveCfg = Debug|Win32
		{9F7A6B9E-DD1A-4302-AE95-A2B98EBB29FA}.Debug|x86.Build.0 = Debug|Win32
		{9F7A6B9E-DD1A-4302-AE95-A2B98EBB29FA}.Release|x64.ActiveCfg = Release|x64
		{9F7A6B9E-DD1A-4302-AE95-A2B98EBB29FA}.Release|x64.Build.0 = Release|x64
		{9F7A6B9E-DD1A-4302-AE95-A2B98EBB29FA}.Release|x86.ActiveCfg = Release|Win32
		{9F7A6B9E-DD1A-4302-AE95-A2B98EBB29FA}.Release|x86.Build.0 = Release|Win32
		{A329E8C5-D637-4787-A214-FDE64A1BEBBA}.Debug|x64.ActiveCfg = Debug|x64
		{A329E8C5-D637-4787-A214-FDE64A1BEBBA}.Debug|x64.Build.0 = Debug|x64
		{A329E8C5-D637-4787-A214-FDE64A1BEBBA}.Debug|x86.ActiveCfg = Debug|Win32
		{A329E8C5-D637-4787-A214-FDE64A1BEBBA}.Debug|x86.Build.0 = Debug|Win32
		{A329E8C5-D637-4787-A214-FDE64A1BEBBA}.Release|x64.ActiveCfg = Release|x64
		{A329E8C5-D637-4787-A214-FDE64A1BEBBA}.Release|x64.Build.0 = Release|x64
		{A329E8C5-D637-4787-A214-FDE64A1BEBBA}.Release|x86.ActiveCfg = Release|Win32
		{A329E8C5-D637-4787-A214-FDE64A1BEBBA}.Release|x86.Build.0 = Release|Win32
		{4E553489-EB1A-4B59-B977-B8C0944AC6BD}.Debug|x64.ActiveCfg = Debug|x64
		{4E553489-EB1A-4B59-B977-B8C0944AC6BD}.Debug|x64.Build.0 = Debug|x64
		{4E553489-EB1A-4B59-B977-B8C0944AC6BD}.Debug|x86.ActiveCfg = Debug|Win32
		{4E553489-EB1A-4B59-B977-B8C0944AC6BD}.Debug|x86.Build.0 = Debug|Win32
		{4E553489-EB1A-4B59-B977-B8C0944AC6BD}.Release|x64.ActiveCfg = Release|x64
		{4E553489-EB1A-4B59-B977-B8C0944AC6BD}.Release|x64.Build.0 = Release|x64
		{4E553489-EB1A-4B59-B977-B8C0944AC6BD}.Release|x86.ActiveCfg = Release|Win32
		{4E553489-EB1A-4B59-B977-B8C0944AC6BD}.Release|x86.Build.0 = Release|Win32
		{865E921A-D126-4B4A-ADD2-6813A962C455}.Debug|x64.ActiveCfg = Debug|x64
		{865E921A-D126-4B4A-ADD2-6813A962C455}.Debug|x64.Build.0 = Debug|x64
		{865E921A-D126-4B4A-ADD2-6813A962C455}.Debug|x86.ActiveCfg = Debug|Win32
		{865E921A-D126-4B4A-ADD2-6813A962C455}.Debug|x86.Build.0 = Debug|Win32
		{865E921A-D126-4B4A-ADD2-6813A962C455}.Release|x64.ActiveCfg = Release|x64
		{865E921A-D126-4B4A-ADD2-6813A962C455}.Release|x64.Build.0 = Release|x64
		{865E921A-D126-4B4A-ADD2-6813A962C455}.Release|x86.ActiveCfg = Release|Win32
		{865E921A-D126-4B4A-ADD2-6813A962C455}.Release|x86.Build.0 = Release|Win32
		{ADB1EE90-3595-4DC5-BC40-F5663B98318F}.Debug|x64.ActiveCfg = Debug|x64
		{ADB1EE90-3595-4DC5-BC40-F5663B98318F}.Debug|x64.Build.0 = Debug|x64
		{ADB1EE90-3595-4DC5-BC40-F5663B98318F}.Debug|x86.ActiveCfg = Debug|Win32
		{ADB1EE90-3595-4DC5-BC40-F5663B98318F}.Debug|x86.Build.0 = Debug|Win32
		{ADB1EE90-3595-4DC5-BC40-F5663B98318F}.Release|x64.ActiveCfg = Release|x64
		{ADB1EE90-3595-4DC5-BC40-F5663B98318F}.Release|x64.Build.0 = Release|x64
		{ADB1EE90-3595-4DC5-BC40-F5663B98318F}.Release|x86.ActiveCfg = Release|Win32
		{ADB1EE90-3595-4DC5-BC40-F5663B98318F}.Release|x86.Build.0 = Release|Win32
		{CDBC2738-FD70-47F9-9DF2-C940AB34B109}.Debug|x64.ActiveCfg = Debug|x64
		{CDBC2738-FD70-47F9-9DF2-C940AB34B109}.Debug|x64.Build.0 = Debug|x64
		{CDBC2738-FD70-47F9-9DF2-C940AB34B109}.Debug|x86.ActiveCfg = Debug|Win32
		{CDBC2738-FD70-47F9-9DF2-C940AB34B109}.Debug|x86.Build.0 = Debug|Win32
		{CDBC2738-FD70-47F9-9DF2-C940AB34B109}.Release|x64.ActiveCfg = Release|x64
		{CDBC2738-FD70-47F9-9DF2-C940AB34B109}.Release|x64.Build.0 = Release|x64
		{CDBC2738-FD70-47F9-9DF2-C940AB34B109}.Release|x86.ActiveCfg = Release|Win32
		{CDBC2738-FD70-47F9-9DF2-C940AB34B109}.Release|x86.Build.0 = Release|Win32
		{99FB4635-BD78-42CA-BE62-FAE5FEB1869D}.Debug|x64.ActiveCfg = Debug|x64
		{99FB4635-BD78-42CA-BE62-FAE5FEB1869D}.Debug|x64.Build.0 = Debug|x64
		{99FB4635-BD78-42CA-BE62-FAE5FEB1869D}.Debug|x86.ActiveCfg = Debug|Win32
		{99FB4635-BD78-42CA-BE62-FAE5FEB1869D}.Debug|x86.Build.0 = Debug|Win32
		{99FB4635-BD78-42CA-BE62-FAE5FEB1869D}.Release|x64.ActiveCfg = Release|x64
		{99FB4635-BD78-42CA-BE62-FAE5FEB1869D}.Release|x64.Build.0 = Release|x64
		{99FB4635-BD78-42CA-BE62-FAE5FEB1869D}.Release|x86.ActiveCfg = Release|Win32
		{99FB4635-BD78-42CA-BE62-FAE5FEB1869D}.Release|x86.Build.0 = Release|Win32
		{4D81B933-1DEA-42DD-A0A1-CA7869666D0F}.Debug|x64.ActiveCfg = Debug|x64
		{4D81B933-1DEA-42DD-A0A1-CA7869666D0F}.Debug|x64.Build.0 = Debug|x64
		{4D81B933-1DEA-42DD-A0A1-CA7869666D0F}.Debug|x86.ActiveCfg = Debug|Win32
		{4D81B933-1DEA-42DD-A0A1-CA7869666D0F}.Debug|x86.Build.0 = Debug|Win32
		{4D81B933-1DEA-42DD-A0A1-CA7869666D0F}.Release|x64.ActiveCfg = Release|x64
		{4D81B933-1DEA-42DD-A0A1-CA7869666D0F}.Release|x64.Build.0 = Release|x64
		{4D81B933-1DEA-42DD-A0A1-CA7869666D0F}.Release|x86.ActiveCfg = Release|Win32
		{4D81B933-1DEA-42DD-A0A1-CA7869666D0F}.Release|x86.Build.0 = Release|Win32
		{1BA80C48-C272-4E92-AD28-319F1A4594AA}.Debug|x64.ActiveCfg = Debug|x64
		{1BA80C48-C272-4E92-AD28-319F1A4594AA}.Debug|x64.Build.0 = Debug|x64
		{1BA80C48-C272-4E92-AD28-319F1A4594AA}.Debug|x86.ActiveCfg = Debug|Win32
		{1BA80C48-C272-4E92-AD28-319F1A4594AA}.Debug|x86.Build.0 = Debug|Win32
		{1BA80C48-C272-4E92-AD28-319F1A4594AA}.Release|x64.ActiveCfg = Release|x64
		{1BA80C48-C272-4E92-AD28-319F1A4594AA}.Release|x64.Build.0 = Release|x64
		{1BA80C48-C272-4E92-AD28-319F1A4594AA}.Release|x86.ActiveCfg = Release|Win32
		{1BA80C48-C272-4E92-AD28-319F1A4594AA}.Release|x86.Build.0 = Release|Win32
		{CFAF64FA-875C-465E-93F8-4E841E5DEE9F}.Debug|x64.ActiveCfg = Debug|x64
		{CFAF64FA-875C-465E-93F8-4E841E5DEE9F}.Debug|x64.Build.0 = Debug|x64
		{CFAF64FA-875C-465E-93F8-4E841E5DEE9F}.Debug|x86.ActiveCfg = Debug|Win32
		{CFAF64FA-875C-465E-93F8-4E841E5DEE9F}.Debug|x86.Build.0 = Debug|Win32
		{CFAF64FA-875C-465E-93F8-4E841E5DEE9F}.Release|x64.ActiveCfg = Release|x64
		{CFAF64FA-875C-465E-93F8-4E841E5DEE9F}.Release|x64.Build.0 = Release|x64
		{CFAF64FA-875C-465E-93F8-4E841E5DEE9F}.Release|x86.ActiveCfg = Release|Win32
		{CFAF64FA-875C-465E-93F8-4E841E5DEE9F}.Release|x86.Build.0 = Release|Win32
		{EA0A8334-B2C2-4BAD-98BE-8CA2A1A212B2}.Debug|x64.ActiveCfg = Debug|x64
		{EA0A8334-B2C2-4BAD-98BE-8CA2A1A212B2}.Debug|x64.Build.0 = Debug|x64
		{EA0A8334-B2C2-4BAD-98BE-8CA2A1A212B2}.Debug|x86.ActiveCfg = Debug|Win32
		{EA0A8334-B2C2-4BAD-98BE-8CA2A1A212B2}.Debug|x86.Build.0 = Debug|Win32
		{EA0A8334-B2C2-4BAD-98BE-8CA2A1A212B2}.Release|x64.ActiveCfg = Release|x64
		{EA0A8334-B2C2-4BAD-98BE-8CA2A1A212B2}.Release|x64.Build.0 = Release|x64
		{EA0A8334-B2C2-4BAD-98BE-8CA2A1A212B2}.Release|x86.ActiveCfg = Release|Win32
		{EA0A8334-B2C2-4BAD-98BE-8CA2A1A212B2}.Release|x86.Build.0 = Release|Win32
		{37F069FC-C519-43B8-83DE-06F73C4080B3}.Debug|x64.ActiveCfg = Debug|x64
		{37F069FC-C519-43B8-83DE-06F73C4080B3}.Debug|x64.Build.0 = Debug|x64
		{37F069FC-C519-43B8-83DE-06F73C4080B3}.Debug|x86.ActiveCfg = Debug|Win32
		{37F069FC-C519-43B8-83DE-06F73C4080B3}.Debug|x86.Build.0 = Debug|Win32
		{37F069FC-C519-43B8-83DE-06F73C4080B3}.Release|x64.ActiveCfg = Release|x64
		{37F069FC-C519-43B8-83DE-06F73C4080B3}.Release|x64.Build.0 = Release|x64
		{37F069FC-C519-43B8-83DE-06F73C4080B3}.Release|x86.ActiveCfg = Release|Win32
		{37F069FC-C519-43B8-83DE-06F73C4080B3}.Release|x86.Build.0 = Release|Win32
		{FFB7CE19-925D-4B01-A3B4-C07E9409680C}.Debug|x64.ActiveCfg = Debug|x64
		{FFB7CE19-925D-4B01-A3B4-C07E9409680C}.Debug|x64.Build.0 = Debug|x64
		{FFB7CE19-925D-4B01-A3B4-C07E9409680C}.Debug|x86.ActiveCfg = Debug|Win32
		{FFB7CE19-925D-4B01-A3B4-C07E9409680C}.Debug|x86.Build.0 = Debug|Win32
		{FFB7CE19-925D-4B01-A3B4-C07E9409680C}.Release|x64.ActiveCfg = Release|x64
		{FFB7CE19-925D-4B01-A3B4-C07E9409680C}.Release|x64.Build.0 = Release|x64
		{FFB7CE19-925D-4B01-A3B4-C07E9409680C}.Release|x86.ActiveCfg = Release|Win32
		{FFB7CE19-925D-4B01-A3B4-C07E9409680C}.Release|x86.Build.0 = Release|Win32
		{9E807511-678F-4D56-94B3-9F4BAE59CA95}.Debug|x64.ActiveCfg = Debug|x64
		{9E807511-678F-4D56-94B3-9F4BAE59CA95}.Debug|x64.Build.0 = Debug|x64
		{9E807511-678F-4D56-94B3-9F4BAE59CA95}.Debug|x86.ActiveCfg = Debug|Win32
		{9E807511-678F-4D56-94B3-9F4BAE59CA95}.Debug|x86.Build.0 = Debug|Win32
		{9E807511-678F-4D56-94B3-9F4BAE59CA95}.Release|x64.ActiveCfg = Release|x64
		{9E807511-678F-4D56-94B3-9F4BAE59CA95}.Release|x64.Build.0 = Release|x64
		{9E807511-678F-4D56-94B3-9F4BAE59CA95}.Release|x86.ActiveCfg = Release|Win32
		{9E807511-678F-4D56-94B3-9F4BAE59CA95}.Release|x86.Build.0 = Release|Win32
		{ECF2C4C0-02EE-4EEB-9FE1-04CDE1D63882}.Debug|x64.ActiveCfg = Debug|x64
		{ECF2C4C0-02EE-4EEB-9FE1-04CDE1D63882}.Debug|x64.Build.0 = Debug|x64
		{ECF2C4C0-02EE-4EEB-9FE1-04CDE1D63882}.Debug|x86.ActiveCfg = Debug|Win32
		{ECF2C4C0-02EE-4EEB-9FE1-04CDE1D63882}.Debug|x86.Build.0 = Debug|Win32
		{ECF2C4C0-02EE-4EEB-9FE1-04CDE1D63882}.Release|x64.ActiveCfg = Release|x64
		{ECF2C4C0-02EE-4EEB-9FE1-04CDE1D63882}.Release|x64.Build.0 = Release|x64
		{ECF2C4C0-02EE-4EEB-9FE1-04CDE1D63882}.Release|x86.ActiveCfg = Release|Win32
		{ECF2C4C0-02EE-4EEB-9FE1-04CDE1D63882}.Release|x86.Build.0 = Release|Win32
		{6723BF87-8AFF-4159-8456-552F1D520285}.Debug|x64.ActiveCfg = Debug|x64
		{6723BF87-8AFF-4159-8456-552F1D520285}.Debug|x64.Build.0 = Debug|x64
		{6723BF87-8AFF-4159-8456-552F1D520285}.Debug|x86.ActiveCfg = Debug|Win32
		{6723BF87-8AFF-4159-8456-552F1D520285}.Debug|x86.Build.0 = Debug|Win32
		{6723BF87-8AFF-4159-8456-552F1D520285}.Release|x64.ActiveCfg = Release|x64
		{6723BF87-8AFF-4159-8456-552F1D520285}.Release|x64.Build.0 = Release|x64
		{6723BF87-8AFF-4159-8456-552F1D520285}.Release|x86.ActiveCfg = Release|Win32
		{6723BF87-8AFF-4159-8456-552F1D520285}.Release|x86.Build.0 = Release|Win32
		{3FEFBFE6-5F84-49FA-9EBD-94B8BA505B8D}.Debug|x64.ActiveCfg = Debug|x64
		{3FEFBFE6-5F84-49FA-9EBD-94B8BA505B8D}.Debug|x64.Build.0 = Debug|x64
		{3FEFBFE6-5F84-49FA-9EBD-94B8BA505B8D}.Debug|x86.ActiveCfg = Debug|Win32
		{3FEFBFE6-5F84-49FA-9EBD-94B8BA505B8D}.Debug|x86.Build.0 = Debug|Win32
		{3FEFBFE6-5F84-49FA-9EBD-94B8BA505B8D}.Release|x64.ActiveCfg = Release|x64
		{3FEFBFE6-5F84-49FA-9EBD-94B8BA505B8D}.Release|x64.Build.0 = Release|x64
		{3FEFBFE6-5F84-49FA-9EBD-94B8BA505B8D}.Release|x86.ActiveCfg = Release|Win32
		{3FEFBFE6-5F84-49FA-9EBD-94B8BA505B8D}.Release|x86.Build.0 = Release|Win32
		{0D32E496-109A-4B26-99A1-D7D7BF9C4CDF}.Debug|x64.ActiveCfg = Debug|x64
		{0D32E496-109A-4B26-99A1-D7D7BF9C4CDF}.Debug|x64.Build.0 = Debug|x64
		{0D32E496-109A-4B26-99A1-D7D7BF9C4CDF}.Debug|x86.ActiveCfg = Debug|Win32
		{0D32E496-109A-4B26-99A1-D7D7BF9C4CDF}.Debug|x86.Build.0 = Debug|Win32
		{0D32E496-109A-4B26-99A1-D7D7BF9C4CDF}.Release|x64.ActiveCfg = Release|x64
		{0D32E496-109A-4B26-99A1-D7D7BF9C4CDF}.Release|x64.Build.0 = Release|x64
		{0D32E496-109A-4B26-99A1-D7D7BF9C4CDF}.Release|x86.ActiveCfg = Release|Win32
		{0D32E496-109A-4B26-99A1-D7D7BF9C4CDF}.Release|x86.Build.0 = Release|Win32
		{BF07424B-E7D5-4E39-B06D-ECD83E8E6F2C}.Debug|x64.ActiveCfg = Debug|x64
		{BF07424B-E7D5-4E39-B06D-ECD83E8E6F2C}.Debug|x64.Build.0 = Debug|x64
		{BF07424B-E7D5-4E39-B06D-ECD83E8E6F2C}.Debug|x86.ActiveCfg = Debug|Win32
		{BF07424B-E7D5-4E39-B06D-ECD83E8E6F2C}.Debug|x86.Build.0 = Debug|Win32
		{BF07424B-E7D5-4E39-B06D-ECD83E8E6F2C}.Release|x64.ActiveCfg = Release|x64
		{BF07424B-E7D5-4E39-B06D-ECD83E8E6F2C}.Release|x64.Build.0 = Release|x64
		{BF07424B-E7D5-4E39-B06D-ECD83E8E6F2C}.Release|x86.ActiveCfg = Release|Win32
		{BF07424B-E7D5-4E39-B06D-ECD83E8E6F2C}.Release|x86.Build.0 = Release|Win32
		{E6C546AE-7F7E-404D-B457-3DE7E7D81025}.Debug|x64.ActiveCfg = Debug|x64
		{E6C546AE-7F7E-404D-B457-3DE7E7D81025}.Debug|x64.Build.0 = Debug|x64
		{E6C546AE-7F7E-404D-B457-3DE7E7D81025}.Debug|x86.ActiveCfg = Debug|Win32
		{E6C546AE-7F7E-404D-B457-3DE7E7D81025}.Debug|x86.Build.0 = Debug|Win32
		{E6C546AE-7F7E-404D-B457-3DE7E7D81025}.Release|x64.ActiveCfg = Release|x64
		{E6C546AE-7F7E-404D-B457-3DE7E7D81025}.Release|x64.Build.0 = Release|x64
		{E6C546AE-7F7E-404D-B457-3DE7E7D81025}.Release|x86.ActiveCfg = Release|Win32
		{E6C546AE-7F7E-404D-B457-3DE7E7D81025}.Release|x86.Build.0 = Release|Win32
		{0BA457D4-2E3C-40ED-93F8-5700E291A90B}.Debug|x64.ActiveCfg = Debug|x64
		{0BA457D4-2E3C-40ED-93F8-5700E291A90B}.Debug|x64.Build.0 = Debug|x64
		{0BA457D4-2E3C-40ED-93F8-5700E291A90B}.Debug|x86.ActiveCfg = Debug|Win32
		{0BA457D4-2E3C-40ED-93F8-5700E291A90B}.Debug|x86.Build.0 = Debug|Win32
		{0BA457D4-2E3C-40ED-93F8-5700E291A90B}.Release|x64.ActiveCfg = Release|x64
		{0BA457D4-2E3C-40ED-93F8-5700E291A90B}.Release|x64.Build.0 = Release|x64
		{0BA457D4-2E3C-40ED-93F8-5700E291A90B}.Release|x86.ActiveCfg = Release|Win32
		{0BA457D4-2E3C-40ED-93F8-5700E291A90B}.Release|x86.Build.0 = Release|Win32
		{D1DDCE8A-47B8-4D84-9DD7-89827796D28D}.Debug|x64.ActiveCfg = Debug|x64
		{D1DDCE8A-47B8-4D84-9DD7-89827796D28D}.Debug|x64.Build.0 = Debug|x64
		{D1DDCE8A-47B8-4D84-9DD7-89827796D28D}.Debug|x86.ActiveCfg = Debug|Win32
		{D1DDCE8A-47B8-4D84-9DD7-89827796D28D}.Debug|x86.Build.0 = Debug|Win32
		{D1DDCE8A-47B8-4D84-9DD7-89827796D28D}.Release|x64.ActiveCfg = Release|x64
		{D1DDCE8A-47B8-4D84-9DD7-89827796D28D}.Release|x64.Build.0 = Release|x64
		{D1DDCE8A-47B8-4D84-9DD7-89827796D28D}.Release|x86.ActiveCfg = Release|Win32
		{D1DDCE8A-47B8-4D84-9DD7-89827796D28D}.Release|x86.Build.0 = Release|Win32
		{9F56C16B-B81C-4602-84B8-1F783583BC58}.Debug|x64.ActiveCfg = Debug|x64
		{9F56C16B-B81C-4602-84B8-1F783583BC58}.Debug|x64.Build.0 = Debug|x64
		{9F56C16B-B81C-4602-84B8-1F783583BC58}.Debug|x86.ActiveCfg = Debug|Win32
		{9F56C16B-B81C-4602-84B8-1F783583BC58}.Debug|x86.Build.0 = Debug|Win32
		{9F56C16B-B81C-4602-84B8-1F783583BC58}.Release|x64.ActiveCfg = Release|x64
		{9F56C16B-B81C-4602-84B8-1F783583BC58}.Release|x64.Build.0 = Release|x64
		{9F56C16B-B81C-4602-84B8-1F783583BC58}.Release|x86.ActiveCfg = Release|Win32
		{9F56C16B-B81C-4602-84B8-1F783583BC58}.Release|x86.Build.0 = Release|Win32
		{7B41BE21-5239-43BB-8814-B285F432B558}.Debug|x64.ActiveCfg = Debug|x64
		{7B41BE21-5239-43BB-8814-B285F432B558}.Debug|x64.Build.0 = Debug|x64
		{7B41BE21-5239-43BB-8814-B285F432B558}.Debug|x86.ActiveCfg = Debug|Win32
		{7B41BE21-5239-43BB-8814-B285F432B558}.Debug|x86.Build.0 = Debug|Win32
		{7B41BE21-5239-43BB-8814-B285F432B558}.Release|x64.ActiveCfg = Release|x64
		{7B41BE21-5239-43BB-8814-B285F432B558}.Release|x64.Build.0 = Release|x64
		{7B41BE21-5239-43BB-8814-B285F432B558}.Release|x86.ActiveCfg = Release|Win32
		{7B41BE21-5239-43BB-8814-B285F432B558}.Release|x86.Build.0 = Release|Win32
		{CF26DBBA-8863-460F-929A-F835B3E4A66B}.Debug|x64.ActiveCfg = Debug|x64
		{CF26DBBA-8863-460F-929A-F835B3E4A66B}.Debug|x64.Build.0 = Debug|x64
		{CF26DBBA-8863-460F-929A-F835B3E4A66B}.Debug|x86.ActiveCfg = Debug|Win32
		{CF26DBBA-8863-460F-929A-F835B3E4A66B}.Debug|x86.Build.0 = Debug|Win32
		{CF26DBBA-8863-460F-929A-F835B3E4A66B}.Release|x64.ActiveCfg = Release|x64
		{CF26DBBA-8863-460F-929A-F835B3E4A66B}.Release|x64.Build.0 = Release|x64
		{CF26DBBA-8863-460F-929A-F835B3E4A66B}.Release|x86.ActiveCfg = Release|Win32
		{CF26DBBA-8863-460F-929A-F835B3E4A66B}.Release|x86.Build.0 = Release|Win32
		{B45CD357-8B42-4588-B0B9-423B5B8A5C37}.Debug|x64.ActiveCfg = Debug|x64
		{B45CD357-8B42-4588-B0B9-423B5B8A5C37}.Debug|x64.Build.0 = Debug|x64
		{B45CD357-8B42-4588-B0B9-423B5B8A5C37}.Debug|x86.ActiveCfg = Debug|Win32
		{B45CD357-8B42-4588-B0B9-423B5B8A5C37}.Debug|x86.Build.0 = Debug|Win32
		{B45CD357-8B42-4588-B0B9-423B5B8A5C37}.Release|x64.ActiveCfg = Release|x64
		{B45CD357-8B42-4588-B0B9-423B5B8A5C37}.Release|x64.Build.0 = Release|x64
		{B45CD357-8B42-4588-B0B9-423B5B8A5C37}.Release|x86.ActiveCfg = Release|Win32
		{B45CD357-8B42-4588-B0B9-423B5B8A5C37}.Release|x86.Build.0 = Release|Win32
		{E8CA38B6-40F3-45F7-9EEA-C8B81DC8C858}.Debug|x64.ActiveCfg = Debug|x64
		{E8CA38B6-40F3-45F7-9EEA-C8B81DC8C858}.Debug|x64.Build.0 = Debug|x64
		{E8CA38B6-40F3-45F7-9EEA-C8B81DC8C858}.Debug|x86.ActiveCfg = Debug|Win32
		{E8CA38B6-40F3-45F7-9EEA-C8B81DC8C858}.Debug|x86.Build.0 = Debug|Win32
		{E8CA38B6-40F3-45F7-9EEA-C8B81DC8C858}.Release|x64.ActiveCfg = Release|x64
		{E8CA38B6-40F3-45F7-9EEA-C8B81DC8C858}.Release|x64.Build.0 = Release|x64
		{E8CA38B6-40F3-45F7-9EEA-C8B81DC8C858}.Release|x86.ActiveCfg = Release|Win32
		{E8CA38B6-40F3-45F7-9EEA-C8B81DC8C858}.Release|x86.Build.0 = Release|Win32
		{3C505CCE-11E0-4D5A-AE41-BB9429BCCE1C}.Debug|x64.ActiveCfg = Debug|x64
		{3C505CCE-11E0-4D5A-AE41-BB9429BCCE1C}.Debug|x64.Build.0 = Debug|x64
		{3C505CCE-11E0-4D5A-AE41-BB9429BCCE1C}.Debug|x86.ActiveCfg = Debug|Win32
		{3C505CCE-11E0-4D5A-AE41-BB9429BCCE1C}.Debug|x86.Build.0 = Debug|Win32
		{3C505CCE-11E0-4D5A-AE41-BB9429BCCE1C}.Release|x64.ActiveCfg = Release|x64
		{3C505CCE-11E0-4D5A-AE41-BB9429BCCE1C}.Release|x64.Build.0 = Release|x64
		{3C505CCE-11E0-4D5A-AE41-BB9429BCCE1C}.Release|x86.ActiveCfg = Release|Win32
		{3C505CCE-11E0-4D5A-AE41-BB9429BCCE1C}.Release|x86.Build.0 = Release|Win32
		{351C882E-1F6E-452C-A39C-C5988BAFC139}.Debug|x64.ActiveCfg = Debug|x64
		{351C882E-1F6E-452C-A39C-C5988BAFC139}.Debug|x64.Build.0 = Debug|x64
		{351C882E-1F6E-452C-A39C-C5988BAFC139}.Debug|x86.ActiveCfg = Debug|Win32
		{351C882E-1F6E-452C-A39C-C5988BAFC139}.Debug|x86.Build.0 = Debug|Win32
		{351C882E-1F6E-452C-A39C-C5988BAFC139}.Release|x64.ActiveCfg = Release|x64
		{351C882E-1F6E-452C-A39C-C5988BAFC139}.Release|x64.Build.0 = Release|x64
		{351C882E-1F6E-452C-A39C-C5988BAFC139}.Release|x86.ActiveCfg = Release|Win32
		{351C882E-1F6E-452C-A39C-C5988BAFC139}.Release|x86.Build.0 = Release|Win32
		{6FBC6E44-00D5-4117-BFE4-05E688B700B3}.Debug|x64.ActiveCfg = Debug|x64
		{6FBC6E44-00D5-4117-BFE4-05E688B700B3}.Debug|x64.Build.0 = Debug|x64
		{6FBC6E44-00D5-4117-BFE4-05E688B700B3}.Debug|x86.ActiveCfg = Debug|Win32
		{6FBC6E44-00D5-4117-BFE4-05E688B700B3}.Debug|x86.Build.0 = Debug|Win32
		{6FBC6E44-00D5-4117-BFE4-05E688B700B3}.Release|x64.ActiveCfg = Release|x64
		{6FBC6E44-00D5-4117-BFE4-05E688B700B3}.Release|x64.Build.0 = Release|x64
		{6FBC6E44-00D5-4117-BFE4-05E688B700B3}.Release|x86.ActiveCfg = Release|Win32
		{6FBC6E44-00D5-4117-BFE4-05E688B700B3}.Release|x86.Build.0 = Release|Win32
		{45B9C35B-14E7-4AEF-A6A9-8BC424FDEC6B}.Debug|x64.ActiveCfg = Debug|x64
		{45B9C35B-14E7-4AEF-A6A9-8BC424FDEC6B}.Debug|x64.Build.0 = Debug|x64
		{45B9C35B-14E7-4AEF-A6A9-8BC424FDEC6B}.Debug|x86.ActiveCfg = Debug|Win32
		{45B9C35B-14E7-4AEF-A6A9-8BC424FDEC6B}.Debug|x86.Build.0 = Debug|Win32
		{45B9C35B-14E7-4AEF-A6A9-8BC424FDEC6B}.Release|x64.ActiveCfg = Release|x64
		{45B9C35B-14E7-4AEF-A6A9-8BC424FDEC6B}.Release|x64.Build.0 = Release|x64
		{45B9C35B-14E7-4AEF-A6A9-8BC424FDEC6B}.Release|x86.ActiveCfg = Release|Win32
		{45B9C35B-14E7-4AEF-A6A9-8BC424FDEC6B}.Release|x86.Build.0 = Release|Win32
		{B65D0C84-BFA5-47E3-8AE8-80D47FCE81B6}.Debug|x64.ActiveCfg = Debug|x64
		{B65D0C84-BFA5-47E3-8AE8-80D47FCE81B6}.Debug|x64.Build.0 = Debug|x64
		{B65D0C84-BFA5-47E3-8AE8-80D47FCE81B6}.Debug|x86.ActiveCfg = Debug|Win32
		{B65D0C84-BFA5-47E3-8AE8-80D47FCE81B6}.Debug|x86.Build.0 = Debug|Win32
		{B65D0C84-BFA5-47E3-8AE8-80D47FCE81B6}.Release|x64.ActiveCfg = Release|x64
		{B65D0C84-BFA5-47E3-8AE8-80D47FCE81B6}.Release|x64.Build.0 = Release|x64
		{B65D0C84-BFA5-47E3-8AE8-80D47FCE81B6}.Release|x86.ActiveCfg = Release|Win32
		{B65D0C84-BFA5-47E3-8AE8-80D47FCE81B6}.Release|x86.Build.0 = Release|Win32
		{31F5E756-787B-4E87-B765-1C1EF04FCC70}.Debug|x64.ActiveCfg = Debug|x64
		{31F5E756-787B-4E87-B765-1C1EF04FCC70}.Debug|x64.Build.0 = Debug|x64
		{31F5E756-787B-4E87-B765-1C1EF04FCC70}.Debug|x86.ActiveCfg = Debug|Win32
		{31F5E756-787B-4E87-B765-1C1EF04FCC70}.Debug|x86.Build.0 = Debug|Win32
		{31F5E756-787B-4E87-B765-1C1EF04FCC70}.Release|x64.ActiveCfg = Release|x64
		{31F5E756-787B-4E87-B765-1C1EF04FCC70}.Release|x64.Build.0 = Release|x64
		{31F5E756-787B-4E87-B765-1C1EF04FCC70}.Release|x86.ActiveCfg = Release|Win32
		{31F5E756-787B-4E87-B765-1C1EF04FCC70}.Release|x86.Build.0 = Release|Win32
		{27DC4209-0949-4AE9-85DC-160D93A4F6F6}.Debug|x64.ActiveCfg = Debug|x64
		{27DC4209-0949-4AE9-85DC-160D93A4F6F6}.Debug|x64.Build.0 = Debug|x64
		{27DC4209-0949-4AE9-85DC-160D93A4F6F6}.Debug|x86.ActiveCfg = Debug|Win32
		{27DC4209-0949-4AE9-85DC-160D93A4F6F6}.Debug|x86.Build.0 = Debug|Win32
		{27DC4209-0949-4AE9-85DC-160D93A4F6F6}.Release|x64.ActiveCfg = Release|x64
		{27DC4209-0949-4AE9-85DC-160D93A4F6F6}.Release|x64.Build.0 = Release|x64
		{27DC4209-0949-4AE9-85DC-160D93A4F6F6}.Release|x86.ActiveCfg = Release|Win32
		{27DC4209-0949-4AE9-85DC-160D93A4F6F6}.Release|x86.Build.0 = Release|Win32
		{C4834FCC-3C8D-4BC3-A954-CA9CFDC04488}.Debug|x64.ActiveCfg = Debug|x64
		{C4834FCC-3C8D-4BC3-A954-CA9CFDC04488}.Debug|x64.Build.0 = Debug|x64
		{C4834FCC-3C8D-4BC3-A954-CA9CFDC04488}.Debug|x86.ActiveCfg = Debug|Win32
		{C4834FCC-3C8D-4BC3-A954-CA9CFDC04488}.Debug|x86.Build.0 = Debug|Win32
		{C4834FCC-3C8D-4BC3-A954-CA9CFDC04488}.Release|x64.ActiveCfg = Release|x64
		{C4834FCC-3C8D-4BC3-A954-CA9CFDC04488}.Release|x64.Build.0 = Release|x64
		{C4834FCC-3C8D-4BC3-A954-CA9CFDC04488}.Release|x86.ActiveCfg = Release|Win32
		{C4834FCC-3C8D-4BC3-A954-CA9CFDC04488}.Release|x86.Build.0 = Release|Win32
		{91FD6EA9-9D82-427C-85F8-99ED8DC58CE1}.Debug|x64.ActiveCfg = Debug|x64
		{91FD6EA9-9D82-427C-85F8-99ED8DC58CE1}.Debug|x64.Build.0 = Debug|x64
		{91FD6EA9-9D82-427C-85F8-99ED8DC58CE1}.Debug|x86.ActiveCfg = Debug|Win32
		{91FD6EA9-9D82-427C-85F8-99ED8DC58CE1}.Debug|x86.Build.0 = Debug|Win32
		{91FD6EA9-9D82-427C-85F8-99ED8DC58CE1}.Release|x64.ActiveCfg = Release|x64
		{91FD6EA9-9D82-427C-85F8-99ED8DC58CE1}.Release|x64.Build.0 = Release|x64
		{91FD6EA9-9D82-427C-85F8-99ED8DC58CE1}.Release|x86.ActiveCfg = Release|Win32
		{91FD6EA9-9D82-427C-85F8-99ED8DC58CE1}.Release|x86.Build.0 = Release|Win32
		{5420EF3D-F48B-4922-A6DB-EA764CACA5BA}.Debug|x64.ActiveCfg = Debug|x64
		{5420EF3D-F48B-4922-A6DB-EA764CACA5BA}.Debug|x64.Build.0 = Debug|x64
		{5420EF3D-F48B-4922-A6DB-EA764CACA5BA}.Debug|x86.ActiveCfg = Debug|Win32
		{5420EF3D-F48B-4922-A6DB-EA764CACA5BA}.Debug|x86.Build.0 = Debug|Win32
		{5420EF3D-F48B-4922-A6DB-EA764CACA5BA}.Release|x64.ActiveCfg = Release|x64
		{5420EF3D-F48B-4922-A6DB-EA764CACA5BA}.Release|x64.Build.0 = Release|x64
		{5420EF3D-F48B-4922-A6DB-EA764CACA5BA}.Release|x86.ActiveCfg = Release|Win32
		{5420EF3D-F48B-4922-A6DB-EA764CACA5BA}.Release|x86.Build.0 = Release|Win32
		{85557DA3-F0F7-44A4-A13B-BF37470EF88C}.Debug|x64.ActiveCfg = Debug|x64
		{85557DA3-F0F7-44A4-A13B-BF37470EF88C}.Debug|x64.Build.0 = Debug|x64
		{85557DA3-F0F7-44A4-A13B-BF37470EF88C}.Debug|x86.ActiveCfg = Debug|Win32
		{85557DA3-F0F7-44A4-A13B-BF37470EF88C}.Debug|x86.Build.0 = Debug|Win32
		{85557DA3-F0F7-44A4-A13B-BF37470EF88C}.Release|x64.ActiveCfg = Release|x64
		{85557DA3-F0F7-44A4-A13B-BF37470EF88C}.Release|x64.Build.0 = Release|x64
		{85557DA3-F0F7-44A4-A13B-BF37470EF88C}.Release|x86.ActiveCfg = Release|Win32
		{85557DA3-F0F7-44A4-A13B-BF37470EF88C}.Release|x86.Build.0 = Release|Win32
		{7100694E-2707-4C93-A990-C4A2B46590C1}.Debug|x64.ActiveCfg = Debug|x64
		{7100694E-2707-4C93-A990-C4A2B46590C1}.Debug|x64.Build.0 = Debug|x64
		{7100694E-2707-4C93-A990-C4A2B46590C1}.Debug|x86.ActiveCfg = Debug|Win32
		{7100694E-2707-4C93-A990-C4A2B46590C1}.Debug|x86.Build.0 = Debug|Win32
		{7100694E-2707-4C93-A990-C4A2B46590C1}.Release|x64.ActiveCfg = Release|x64
		{7100694E-2707-4C93-A990-C4A2B46590C1}.Release|x64.Build.0 = Release|x64
		{7100694E-2707-4C93-A990-C4A2B46590C1}.Release|x86.ActiveCfg = Release|Win32
		{7100694E-2707-4C93-A990-C4A2B46590C1}.Release|x86.Build.0 = Release|Win32
		{C2F3987F-812E-4336-813E-CCB22141500B}.Debug|x64.ActiveCfg = Debug|x64
		{C2F3987F-812E-4336-813E-CCB22141500B}.Debug|x64.Build.0 = Debug|x64
		{C2F3987F-812E-4336-813E-CCB22141500B}.Debug|x86.ActiveCfg = Debug|Win32
		{C2F3987F-812E-4336-813E-CCB22141500B}.Debug|x86.Build.0 = Debug|Win32
		{C2F3987F-812E-4336-813E-CCB22141500B}.Release|x64.ActiveCfg = Release|x64
		{C2F3987F-812E-4336-813E-CCB22141500B}.Release|x64.Build.0 = Release|x64
		{C2F3987F-812E-4336-813E-CCB22141500B}.Release|x86.ActiveCfg = Release|Win32
		{C2F3987F-812E-4336-813E-CCB22141500B}.Release|x86.Build.0 = Release|Win32
		{CED3EA33-6643-42B4-B387-D9B9C36E3153}.Debug|x64.ActiveCfg = Debug|x64
		{CED3EA33-6643-42B4-B387-D9B9C36E3153}.Debug|x64.Build.0 = Debug|x64
		{CED3EA33-6643-42B4-B387-D9B9C36E3153}.Debug|x86.ActiveCfg = Debug|Win32
		{CED3EA33-6643-42B4-B387-D9B9C36E3153}.Debug|x86.Build.0 = Debug|Win32
		{CED3EA33-6643-42B4-B387-D9B9C36E3153}.Release|x64.ActiveCfg = Release|x64
		{CED3EA33-6643-42B4-B387-D9B9C36E3153}.Release|x64.Build.0 = Release|x64
		{CED3EA33-6643-42B4-B387-D9B9C36E3153}.Release|x86.ActiveCfg = Release|Win32
		{CED3EA33-6643-42B4-B387-D9B9C36E3153}.Release|x86.Build.0 = Release|Win32
		{E82BF95F-A565-4EB0-B11E-FBBA598CDE18}.Debug|x64.ActiveCfg = Debug|x64
		{E82BF95F-A565-4EB0-B11E-FBBA598CDE18}.Debug|x64.Build.0 = Debug|x64
		{E82BF95F-A565-4EB0-B11E-FBBA598CDE18}.Debug|x86.ActiveCfg = Debug|Win32
		{E82BF95F-A565-4EB0-B11E-FBBA598CDE18}.Debug|x86.Build.0 = Debug|Win32
		{E82BF95F-A565-4EB0-B11E-FBBA598CDE18}.Release|x64.ActiveCfg = Release|x64
		{E82BF95F-A565-4EB0-B11E-FBBA598CDE18}.Release|x64.Build.0 = Release|x64
		{E82BF95F-A565-4EB0-B11E-FBBA598CDE18}.Release|x86.ActiveCfg = Release|Win32
		{E82BF95F-A565-4EB0-B11E-FBBA598CDE18}.Release|x86.Build.0 = Release|Win32
		{F3E7C7FC-98AD-4EE6-9F68-D062EC987483}.Debug|x64.ActiveCfg = Debug|x64
		{F3E7C7FC-98AD-4EE6-9F68-D062EC987483}.Debug|x64.Build.0 = Debug|x64
		{F3E7C7FC-98AD-4EE6-9F68-D062EC987483}.Debug|x86.ActiveCfg = Debug|Win32
		{F3E7C7FC-98AD-4EE6-9F68-D062EC987483}.Debug|x86.Build.0 = Debug|Win32
		{F3E7C7FC-98AD-4EE6-9F68-D062EC987483}.Release|x64.ActiveCfg = Release|x64
		{F3E7C7FC-98AD-4EE6-9F68-D062EC987483}.Release|x64.Build.0 = Release|x64
		{F3E7C7FC-98AD-4EE6-9F68-D062EC987483}.Release|x86.ActiveCfg = Release|Win32
		{F3E7C7FC-98AD-4EE6-9F68-D062EC987483}.Release|x86.Build.0 = Release|Win32
		{FCB5596D-FDDF-4121-B75A-6564A2093885}.Debug|x64.ActiveCfg = Debug|x64
		{FCB5596D-FDDF-4121-B75A-6564A2093885}.Debug|x64.Build.0 = Debug|x64
		{FCB5596D-FDDF-4121-B75A-6564A2093885}.Debug|x86.ActiveCfg = Debug|Win32
		{FCB5596D-FDDF-4121-B75A-6564A2093885}.Debug|x86.Build.0 = Debug|Win32
		{FCB5596D-FDDF-4121-B75A-6564A2093885}.Release|x64.ActiveCfg = Release|x64
		{FCB5596D-FDDF-4121-B75A-6564A2093885}.Release|x64.Build.0 = Release|x64
		{FCB5596D-FDDF-4121-B75A-6564A2093885}.Release|x86.ActiveCfg = Release|Win32
		{FCB5596D-FDDF-4121-B75A-6564A2093885}.Release|x86.Build.0 = Release|Win32
		{F2392B1A-D798-40A8-820F-8DE3D09C993F}.Debug|x64.ActiveCfg = Debug|x64
		{F2392B1A-D798-40A8-820F-8DE3D09C993F}.Debug|x64.Build.0 = Debug|x64
		{F2392B1A-D798-40A8-820F-8DE3D09C993F}.Debug|x86.ActiveCfg = Debug|Win32
		{F2392B1A-D798-40A8-820F-8DE3D09C993F}.Debug|x86.Build.0 = Debug|Win32
		{F2392B1A-D798-40A8-820F-8DE3D09C993F}.Release|x64.ActiveCfg = Release|x64
		{F2392B1A-D798-40A8-820F-8DE3D09C993F}.Release|x64.Build.0 = Release|x64
		{F2392B1A-D798-40A8-820F-8DE3D09C993F}.Release|x86.ActiveCfg = Release|Win32
		{F2392B1A-D798-40A8-820F-8DE3D09C993F}.Release|x86.Build.0 = Release|Win32
	EndGlobalSection
	GlobalSection(SolutionProperties) = preSolution
		HideSolutionNode = FALSE
	EndGlobalSection
EndGlobal
